Microsoft Visual Studio Solution File, Format Version 7.00
Project("{FAE04EC0-301F-11D3-BF4B-00C04F79EFBC}") = "MD5", "MD5.csproj", "{B9392B6F-5B5B-45E5-AB8C-1B7A541E0CD0}"
EndProject
Global
	GlobalSection(SolutionConfiguration) = preSolution
		ConfigName.0 = Debug
		ConfigName.1 = Release
	EndGlobalSection
	GlobalSection(ProjectDependencies) = postSolution
	EndGlobalSection
	GlobalSection(ProjectConfiguration) = postSolution
		{B9392B6F-5B5B-45E5-AB8C-1B7A541E0CD0}.Debug.ActiveCfg = Debug|.NET
		{B9392B6F-5B5B-45E5-AB8C-1B7A541E0CD0}.Debug.Build.0 = Debug|.NET
		{B9392B6F-5B5B-45E5-AB8C-1B7A541E0CD0}.Release.ActiveCfg = Release|.NET
		{B9392B6F-5B5B-45E5-AB8C-1B7A541E0CD0}.Release.Build.0 = Release|.NET
	EndGlobalSection
	GlobalSection(ExtensibilityGlobals) = postSolution
	EndGlobalSection
	GlobalSection(ExtensibilityAddIns) = postSolution
	EndGlobalSection
EndGlobal
